{
  "nodes": {
    "flake-compat": {
      "flake": false,
      "locked": {
        "lastModified": 1650374568,
        "narHash": "sha256-Z+s0J8/r907g149rllvwhb4pKi8Wam5ij0st8PwAh+E=",
        "owner": "edolstra",
        "repo": "flake-compat",
        "rev": "b4a34015c698c7793d592d66adbab377907a2be8",
        "type": "github"
      },
      "original": {
        "owner": "edolstra",
        "repo": "flake-compat",
        "type": "github"
      }
    },
    "flake-utils": {
      "locked": {
        "lastModified": 1656065134,
        "narHash": "sha256-oc6E6ByIw3oJaIyc67maaFcnjYOz1mMcOtHxbEf9NwQ=",
        "owner": "numtide",
        "repo": "flake-utils",
        "rev": "bee6a7250dd1b01844a2de7e02e4df7d8a0a206c",
        "type": "github"
      },
      "original": {
        "owner": "numtide",
        "repo": "flake-utils",
        "type": "github"
      }
    },
    "home-manager": {
      "inputs": {
        "nixpkgs": [
          "nixpkgs"
        ]
      },
      "locked": {
        "lastModified": 1758296614,
        "narHash": "sha256-l60D1i0aaSqemy9dL7wP0ePMfcv/oZbeKpvUMY+q0kQ=",
        "owner": "nix-community",
        "repo": "home-manager",
        "rev": "55b1f5b7b191572257545413b98e37abab2fdb00",
        "type": "github"
      },
      "original": {
        "owner": "nix-community",
        "repo": "home-manager",
        "type": "github"
      }
    },
    "nixmox": {
      "inputs": {
        "flake-compat": "flake-compat",
        "flake-utils": "flake-utils",
        "nixpkgs": [
          "nixpkgs"
        ],
        "pre-commit-hooks": "pre-commit-hooks"
      },
      "locked": {
        "lastModified": 1657119193,
        "narHash": "sha256-kAKKojLeUO8BKzH6ZGGhPc44ShZRd7Kh8ig7ppm11ac=",
        "ref": "refs/heads/master",
        "rev": "1e9b569308efbbf61bd4f471803620715eac53cc",
        "revCount": 33,
        "type": "git",
        "url": "https://git.isincredibly.gay/srxl/nixmox"
      },
      "original": {
        "type": "git",
        "url": "https://git.isincredibly.gay/srxl/nixmox"
      }
    },
    "nixos-hardware": {
      "locked": {
        "lastModified": 1757943327,
        "narHash": "sha256-w6cDExPBqbq7fTLo4dZ1ozDGeq3yV6dSN4n/sAaS6OM=",
        "owner": "NixOS",
        "repo": "nixos-hardware",
        "rev": "67a709cfe5d0643dafd798b0b613ed579de8be05",
        "type": "github"
      },
      "original": {
        "owner": "NixOS",
        "repo": "nixos-hardware",
        "type": "github"
      }
    },
    "nixpkgs": {
      "locked": {
        "lastModified": 1758198701,
        "narHash": "sha256-7To75JlpekfUmdkUZewnT6MoBANS0XVypW6kjUOXQwc=",
        "owner": "NixOS",
        "repo": "nixpkgs",
        "rev": "0147c2f1d54b30b5dd6d4a8c8542e8d7edf93b5d",
        "type": "github"
      },
      "original": {
        "owner": "NixOS",
        "ref": "nixos-unstable",
        "repo": "nixpkgs",
        "type": "github"
      }
    },
    "piper-voice-ryan-json": {
      "flake": false,
      "locked": {
        "narHash": "sha256-tZnkD94hOVFBIZv6JYgJCoC8qE8/2zrDhKu6dhCvS6E=",
        "type": "file",
        "url": "https://huggingface.co/rhasspy/piper-voices/resolve/v1.0.0/en/en_US/ryan/high/en_US-ryan-high.onnx.json"
      },
      "original": {
        "type": "file",
        "url": "https://huggingface.co/rhasspy/piper-voices/resolve/v1.0.0/en/en_US/ryan/high/en_US-ryan-high.onnx.json"
      }
    },
    "piper-voice-ryan-onnx": {
      "flake": false,
      "locked": {
        "narHash": "sha256-AR3PkY7WbES7DDhizKsHswdgg2jwN048emKomHFccRU=",
        "type": "file",
        "url": "https://huggingface.co/rhasspy/piper-voices/resolve/v1.0.0/en/en_US/ryan/high/en_US-ryan-high.onnx"
      },
      "original": {
        "type": "file",
        "url": "https://huggingface.co/rhasspy/piper-voices/resolve/v1.0.0/en/en_US/ryan/high/en_US-ryan-high.onnx"
      }
    },
    "pre-commit-hooks": {
      "inputs": {
        "flake-utils": [
          "nixmox",
          "flake-utils"
        ],
        "nixpkgs": [
          "nixmox",
          "nixpkgs"
        ]
      },
      "locked": {
        "lastModified": 1656169028,
        "narHash": "sha256-y9DRauokIeVHM7d29lwT8A+0YoGUBXV3H0VErxQeA8s=",
        "owner": "cachix",
        "repo": "pre-commit-hooks.nix",
        "rev": "db3bd555d3a3ceab208bed48f983ccaa6a71a25e",
        "type": "github"
      },
      "original": {
        "owner": "cachix",
        "repo": "pre-commit-hooks.nix",
        "type": "github"
      }
    },
    "root": {
      "inputs": {
        "home-manager": "home-manager",
        "nixmox": "nixmox",
        "nixos-hardware": "nixos-hardware",
        "nixpkgs": "nixpkgs",
        "piper-voice-ryan-json": "piper-voice-ryan-json",
        "piper-voice-ryan-onnx": "piper-voice-ryan-onnx",
        "zen-browser": "zen-browser"
      }
    },
    "zen-browser": {
      "inputs": {
        "home-manager": [
          "home-manager"
        ],
        "nixpkgs": [
          "nixpkgs"
        ]
      },
      "locked": {
        "lastModified": 1758255782,
        "narHash": "sha256-uBjTUcpb+P1nMoj0jDfIavNPJ3zkGmatvvxU2TTHSXQ=",
        "owner": "0xc000022070",
        "repo": "zen-browser-flake",
        "rev": "ef8fb5704a9aa2845d95ef36b5250a57fb6d5bd6",
        "type": "github"
      },
      "original": {
        "owner": "0xc000022070",
        "repo": "zen-browser-flake",
        "type": "github"
      }
    }
  },
  "root": "root",
  "version": 7
}
