{
  "nodes": {
    "flake-compat": {
      "flake": false,
      "locked": {
        "lastModified": 1650374568,
        "narHash": "sha256-Z+s0J8/r907g149rllvwhb4pKi8Wam5ij0st8PwAh+E=",
        "owner": "edolstra",
        "repo": "flake-compat",
        "rev": "b4a34015c698c7793d592d66adbab377907a2be8",
        "type": "github"
      },
      "original": {
        "owner": "edolstra",
        "repo": "flake-compat",
        "type": "github"
      }
    },
    "flake-utils": {
      "locked": {
        "lastModified": 1656065134,
        "narHash": "sha256-oc6E6ByIw3oJaIyc67maaFcnjYOz1mMcOtHxbEf9NwQ=",
        "owner": "numtide",
        "repo": "flake-utils",
        "rev": "bee6a7250dd1b01844a2de7e02e4df7d8a0a206c",
        "type": "github"
      },
      "original": {
        "owner": "numtide",
        "repo": "flake-utils",
        "type": "github"
      }
    },
    "home-manager": {
      "inputs": {
        "nixpkgs": [
          "nixpkgs"
        ]
      },
      "locked": {
        "lastModified": 1752814804,
        "narHash": "sha256-irfg7lnfEpJY+3Cffkluzp2MTVw1Uq9QGxFp6qadcXI=",
        "owner": "nix-community",
        "repo": "home-manager",
        "rev": "d0300c8808e41da81d6edfc202f3d3833c157daf",
        "type": "github"
      },
      "original": {
        "owner": "nix-community",
        "repo": "home-manager",
        "type": "github"
      }
    },
    "nixmox": {
      "inputs": {
        "flake-compat": "flake-compat",
        "flake-utils": "flake-utils",
        "nixpkgs": [
          "nixpkgs"
        ],
        "pre-commit-hooks": "pre-commit-hooks"
      },
      "locked": {
        "lastModified": 1657119193,
        "narHash": "sha256-kAKKojLeUO8BKzH6ZGGhPc44ShZRd7Kh8ig7ppm11ac=",
        "ref": "refs/heads/master",
        "rev": "1e9b569308efbbf61bd4f471803620715eac53cc",
        "revCount": 33,
        "type": "git",
        "url": "https://git.isincredibly.gay/srxl/nixmox"
      },
      "original": {
        "type": "git",
        "url": "https://git.isincredibly.gay/srxl/nixmox"
      }
    },
    "nixos-hardware": {
      "locked": {
        "lastModified": 1752666637,
        "narHash": "sha256-P8J72psdc/rWliIvp8jUpoQ6qRDlVzgSDDlgkaXQ0Fw=",
        "owner": "NixOS",
        "repo": "nixos-hardware",
        "rev": "d1bfa8f6ccfb5c383e1eba609c1eb67ca24ed153",
        "type": "github"
      },
      "original": {
        "owner": "NixOS",
        "repo": "nixos-hardware",
        "type": "github"
      }
    },
    "nixpkgs": {
      "locked": {
        "lastModified": 1752687322,
        "narHash": "sha256-RKwfXA4OZROjBTQAl9WOZQFm7L8Bo93FQwSJpAiSRvo=",
        "owner": "NixOS",
        "repo": "nixpkgs",
        "rev": "6e987485eb2c77e5dcc5af4e3c70843711ef9251",
        "type": "github"
      },
      "original": {
        "owner": "NixOS",
        "ref": "nixos-unstable",
        "repo": "nixpkgs",
        "type": "github"
      }
    },
    "piper-voice-ryan-json": {
      "flake": false,
      "locked": {
        "narHash": "sha256-tZnkD94hOVFBIZv6JYgJCoC8qE8/2zrDhKu6dhCvS6E=",
        "type": "file",
        "url": "https://huggingface.co/rhasspy/piper-voices/resolve/v1.0.0/en/en_US/ryan/high/en_US-ryan-high.onnx.json"
      },
      "original": {
        "type": "file",
        "url": "https://huggingface.co/rhasspy/piper-voices/resolve/v1.0.0/en/en_US/ryan/high/en_US-ryan-high.onnx.json"
      }
    },
    "piper-voice-ryan-onnx": {
      "flake": false,
      "locked": {
        "narHash": "sha256-AR3PkY7WbES7DDhizKsHswdgg2jwN048emKomHFccRU=",
        "type": "file",
        "url": "https://huggingface.co/rhasspy/piper-voices/resolve/v1.0.0/en/en_US/ryan/high/en_US-ryan-high.onnx"
      },
      "original": {
        "type": "file",
        "url": "https://huggingface.co/rhasspy/piper-voices/resolve/v1.0.0/en/en_US/ryan/high/en_US-ryan-high.onnx"
      }
    },
    "pre-commit-hooks": {
      "inputs": {
        "flake-utils": [
          "nixmox",
          "flake-utils"
        ],
        "nixpkgs": [
          "nixmox",
          "nixpkgs"
        ]
      },
      "locked": {
        "lastModified": 1656169028,
        "narHash": "sha256-y9DRauokIeVHM7d29lwT8A+0YoGUBXV3H0VErxQeA8s=",
        "owner": "cachix",
        "repo": "pre-commit-hooks.nix",
        "rev": "db3bd555d3a3ceab208bed48f983ccaa6a71a25e",
        "type": "github"
      },
      "original": {
        "owner": "cachix",
        "repo": "pre-commit-hooks.nix",
        "type": "github"
      }
    },
    "root": {
      "inputs": {
        "home-manager": "home-manager",
        "nixmox": "nixmox",
        "nixos-hardware": "nixos-hardware",
        "nixpkgs": "nixpkgs",
        "piper-voice-ryan-json": "piper-voice-ryan-json",
        "piper-voice-ryan-onnx": "piper-voice-ryan-onnx",
        "zen-browser": "zen-browser"
      }
    },
    "zen-browser": {
      "inputs": {
        "home-manager": [
          "home-manager"
        ],
        "nixpkgs": [
          "nixpkgs"
        ]
      },
      "locked": {
        "lastModified": 1752809889,
        "narHash": "sha256-oTIVrw7Cy2McAVqE7GCot5Fb8Wh4JBsUDKMX8u3DFlU=",
        "owner": "0xc000022070",
        "repo": "zen-browser-flake",
        "rev": "f19d2b6b18d4a2e8bf2d6a9f69c934d6726360c4",
        "type": "github"
      },
      "original": {
        "owner": "0xc000022070",
        "repo": "zen-browser-flake",
        "type": "github"
      }
    }
  },
  "root": "root",
  "version": 7
}
